
Microsoft Visual Studio Solution File, Format Version 12.00
# Visual Studio 2012
Project("{FAE04EC0-301F-11D3-BF4B-00C04F79EFBC}") = "Tematis.Resto.Web", "Tematis.Resto.Web\Tematis.Resto.Web.csproj", "{C766631A-751B-4B83-B7E0-3AA5390DD8C9}"
EndProject
Global
	GlobalSection(SolutionConfigurationPlatforms) = preSolution
		Debug|Any CPU = Debug|Any CPU
		Release|Any CPU = Release|Any CPU
	EndGlobalSection
	GlobalSection(ProjectConfigurationPlatforms) = postSolution
		{C766631A-751B-4B83-B7E0-3AA5390DD8C9}.Debug|Any CPU.ActiveCfg = Debug|Any CPU
		{C766631A-751B-4B83-B7E0-3AA5390DD8C9}.Debug|Any CPU.Build.0 = Debug|Any CPU
		{C766631A-751B-4B83-B7E0-3AA5390DD8C9}.Release|Any CPU.ActiveCfg = Release|Any CPU
		{C766631A-751B-4B83-B7E0-3AA5390DD8C9}.Release|Any CPU.Build.0 = Release|Any CPU
	EndGlobalSection
	GlobalSection(SolutionProperties) = preSolution
		HideSolutionNode = FALSE
	EndGlobalSection
EndGlobal
